// !$*UTF8*$!
{
	archiveVersion = 1;
	classes = {
	};
	objectVersion = 46;
	objects = {

/* Begin PBXBuildFile section */
		7140A0681F31020100BAED31 /* AddPlayerViewController.swift in Sources */ = {isa = PBXBuildFile; fileRef = 7140A0671F31020100BAED31 /* AddPlayerViewController.swift */; };
		71BFFA641F2F92FA00A7E31D /* AppDelegate.swift in Sources */ = {isa = PBXBuildFile; fileRef = 71BFFA631F2F92FA00A7E31D /* AppDelegate.swift */; };
		71BFFA691F2F92FA00A7E31D /* Main.storyboard in Resources */ = {isa = PBXBuildFile; fileRef = 71BFFA671F2F92FA00A7E31D /* Main.storyboard */; };
		71BFFA6B1F2F92FA00A7E31D /* Assets.xcassets in Resources */ = {isa = PBXBuildFile; fileRef = 71BFFA6A1F2F92FA00A7E31D /* Assets.xcassets */; };
		71BFFA6E1F2F92FA00A7E31D /* LaunchScreen.storyboard in Resources */ = {isa = PBXBuildFile; fileRef = 71BFFA6C1F2F92FA00A7E31D /* LaunchScreen.storyboard */; };
		71BFFA761F2F93C200A7E31D /* PlayerTableViewController.swift in Sources */ = {isa = PBXBuildFile; fileRef = 71BFFA751F2F93C200A7E31D /* PlayerTableViewController.swift */; };
		71BFFA781F2F93D500A7E31D /* PlayerTableViewCell.swift in Sources */ = {isa = PBXBuildFile; fileRef = 71BFFA771F2F93D500A7E31D /* PlayerTableViewCell.swift */; };
		71BFFA7A1F2F954600A7E31D /* Player.swift in Sources */ = {isa = PBXBuildFile; fileRef = 71BFFA791F2F954600A7E31D /* Player.swift */; };
		71BFFA7C1F2FB35F00A7E31D /* DetailsViewController.swift in Sources */ = {isa = PBXBuildFile; fileRef = 71BFFA7B1F2FB35F00A7E31D /* DetailsViewController.swift */; };
/* End PBXBuildFile section */

/* Begin PBXFileReference section */
		7140A0671F31020100BAED31 /* AddPlayerViewController.swift */ = {isa = PBXFileReference; fileEncoding = 4; lastKnownFileType = sourcecode.swift; path = AddPlayerViewController.swift; sourceTree = "<group>"; };
		71BFFA601F2F92FA00A7E31D /* Table View.app */ = {isa = PBXFileReference; explicitFileType = wrapper.application; includeInIndex = 0; path = "Table View.app"; sourceTree = BUILT_PRODUCTS_DIR; };
		71BFFA631F2F92FA00A7E31D /* AppDelegate.swift */ = {isa = PBXFileReference; lastKnownFileType = sourcecode.swift; path = AppDelegate.swift; sourceTree = "<group>"; };
		71BFFA681F2F92FA00A7E31D /* Base */ = {isa = PBXFileReference; lastKnownFileType = file.storyboard; name = Base; path = Base.lproj/Main.storyboard; sourceTree = "<group>"; };
		71BFFA6A1F2F92FA00A7E31D /* Assets.xcassets */ = {isa = PBXFileReference; lastKnownFileType = folder.assetcatalog; path = Assets.xcassets; sourceTree = "<group>"; };
		71BFFA6D1F2F92FA00A7E31D /* Base */ = {isa = PBXFileReference; lastKnownFileType = file.storyboard; name = Base; path = Base.lproj/LaunchScreen.storyboard; sourceTree = "<group>"; };
		71BFFA6F1F2F92FA00A7E31D /* Info.plist */ = {isa = PBXFileReference; lastKnownFileType = text.plist.xml; path = Info.plist; sourceTree = "<group>"; };
		71BFFA751F2F93C200A7E31D /* PlayerTableViewController.swift */ = {isa = PBXFileReference; fileEncoding = 4; lastKnownFileType = sourcecode.swift; path = PlayerTableViewController.swift; sourceTree = "<group>"; };
		71BFFA771F2F93D500A7E31D /* PlayerTableViewCell.swift */ = {isa = PBXFileReference; fileEncoding = 4; lastKnownFileType = sourcecode.swift; path = PlayerTableViewCell.swift; sourceTree = "<group>"; };
		71BFFA791F2F954600A7E31D /* Player.swift */ = {isa = PBXFileReference; fileEncoding = 4; lastKnownFileType = sourcecode.swift; path = Player.swift; sourceTree = "<group>"; };
		71BFFA7B1F2FB35F00A7E31D /* DetailsViewController.swift */ = {isa = PBXFileReference; fileEncoding = 4; lastKnownFileType = sourcecode.swift; path = DetailsViewController.swift; sourceTree = "<group>"; };
/* End PBXFileReference section */

/* Begin PBXFrameworksBuildPhase section */
		71BFFA5D1F2F92FA00A7E31D /* Frameworks */ = {
			isa = PBXFrameworksBuildPhase;
			buildActionMask = 2147483647;
			files = (
			);
			runOnlyForDeploymentPostprocessing = 0;
		};
/* End PBXFrameworksBuildPhase section */

/* Begin PBXGroup section */
		7140A0641F30D5F700BAED31 /* Controllers */ = {
			isa = PBXGroup;
			children = (
				71BFFA7B1F2FB35F00A7E31D /* DetailsViewController.swift */,
				71BFFA751F2F93C200A7E31D /* PlayerTableViewController.swift */,
				7140A0671F31020100BAED31 /* AddPlayerViewController.swift */,
			);
			name = Controllers;
			sourceTree = "<group>";
		};
		7140A0651F30D60100BAED31 /* Model */ = {
			isa = PBXGroup;
			children = (
				71BFFA791F2F954600A7E31D /* Player.swift */,
			);
			name = Model;
			sourceTree = "<group>";
		};
		7140A0661F30D62E00BAED31 /* Views */ = {
			isa = PBXGroup;
			children = (
				71BFFA771F2F93D500A7E31D /* PlayerTableViewCell.swift */,
				71BFFA671F2F92FA00A7E31D /* Main.storyboard */,
			);
			name = Views;
			sourceTree = "<group>";
		};
		71BFFA571F2F92FA00A7E31D = {
			isa = PBXGroup;
			children = (
				71BFFA621F2F92FA00A7E31D /* Table View */,
				71BFFA611F2F92FA00A7E31D /* Products */,
			);
			sourceTree = "<group>";
		};
		71BFFA611F2F92FA00A7E31D /* Products */ = {
			isa = PBXGroup;
			children = (
				71BFFA601F2F92FA00A7E31D /* Table View.app */,
			);
			name = Products;
			sourceTree = "<group>";
		};
		71BFFA621F2F92FA00A7E31D /* Table View */ = {
			isa = PBXGroup;
			children = (
				71BFFA631F2F92FA00A7E31D /* AppDelegate.swift */,
				7140A0641F30D5F700BAED31 /* Controllers */,
				7140A0651F30D60100BAED31 /* Model */,
				7140A0661F30D62E00BAED31 /* Views */,
				71BFFA6A1F2F92FA00A7E31D /* Assets.xcassets */,
				71BFFA6C1F2F92FA00A7E31D /* LaunchScreen.storyboard */,
				71BFFA6F1F2F92FA00A7E31D /* Info.plist */,
			);
			path = "Table View";
			sourceTree = "<group>";
		};
/* End PBXGroup section */

/* Begin PBXNativeTarget section */
		71BFFA5F1F2F92FA00A7E31D /* Table View */ = {
			isa = PBXNativeTarget;
			buildConfigurationList = 71BFFA721F2F92FA00A7E31D /* Build configuration list for PBXNativeTarget "Table View" */;
			buildPhases = (
				71BFFA5C1F2F92FA00A7E31D /* Sources */,
				71BFFA5D1F2F92FA00A7E31D /* Frameworks */,
				71BFFA5E1F2F92FA00A7E31D /* Resources */,
			);
			buildRules = (
			);
			dependencies = (
			);
			name = "Table View";
			productName = "Table View";
			productReference = 71BFFA601F2F92FA00A7E31D /* Table View.app */;
			productType = "com.apple.product-type.application";
		};
/* End PBXNativeTarget section */

/* Begin PBXProject section */
		71BFFA581F2F92FA00A7E31D /* Project object */ = {
			isa = PBXProject;
			attributes = {
				LastSwiftUpdateCheck = 0830;
				LastUpgradeCheck = 0830;
				ORGANIZATIONNAME = hpbl;
				TargetAttributes = {
					71BFFA5F1F2F92FA00A7E31D = {
						CreatedOnToolsVersion = 8.3.3;
						DevelopmentTeam = S85M726D6S;
						ProvisioningStyle = Automatic;
					};
				};
			};
			buildConfigurationList = 71BFFA5B1F2F92FA00A7E31D /* Build configuration list for PBXProject "Table View" */;
			compatibilityVersion = "Xcode 3.2";
			developmentRegion = English;
			hasScannedForEncodings = 0;
			knownRegions = (
				en,
				Base,
			);
			mainGroup = 71BFFA571F2F92FA00A7E31D;
			productRefGroup = 71BFFA611F2F92FA00A7E31D /* Products */;
			projectDirPath = "";
			projectRoot = "";
			targets = (
				71BFFA5F1F2F92FA00A7E31D /* Table View */,
			);
		};
/* End PBXProject section */

/* Begin PBXResourcesBuildPhase section */
		71BFFA5E1F2F92FA00A7E31D /* Resources */ = {
			isa = PBXResourcesBuildPhase;
			buildActionMask = 2147483647;
			files = (
				71BFFA6E1F2F92FA00A7E31D /* LaunchScreen.storyboard in Resources */,
				71BFFA6B1F2F92FA00A7E31D /* Assets.xcassets in Resources */,
				71BFFA691F2F92FA00A7E31D /* Main.storyboard in Resources */,
			);
			runOnlyForDeploymentPostprocessing = 0;
		};
/* End PBXResourcesBuildPhase section */

/* Begin PBXSourcesBuildPhase section */
		71BFFA5C1F2F92FA00A7E31D /* Sources */ = {
			isa = PBXSourcesBuildPhase;
			buildActionMask = 2147483647;
			files = (
				71BFFA781F2F93D500A7E31D /* PlayerTableViewCell.swift in Sources */,
				71BFFA641F2F92FA00A7E31D /* AppDelegate.swift in Sources */,
				7140A0681F31020100BAED31 /* AddPlayerViewController.swift in Sources */,
				71BFFA7A1F2F954600A7E31D /* Player.swift in Sources */,
				71BFFA761F2F93C200A7E31D /* PlayerTableViewController.swift in Sources */,
				71BFFA7C1F2FB35F00A7E31D /* DetailsViewController.swift in Sources */,
			);
			runOnlyForDeploymentPostprocessing = 0;
		};
/* End PBXSourcesBuildPhase section */

/* Begin PBXVariantGroup section */
		71BFFA671F2F92FA00A7E31D /* Main.storyboard */ = {
			isa = PBXVariantGroup;
			children = (
				71BFFA681F2F92FA00A7E31D /* Base */,
			);
			name = Main.storyboard;
			sourceTree = "<group>";
		};
		71BFFA6C1F2F92FA00A7E31D /* LaunchScreen.storyboard */ = {
			isa = PBXVariantGroup;
			children = (
				71BFFA6D1F2F92FA00A7E31D /* Base */,
			);
			name = LaunchScreen.storyboard;
			sourceTree = "<group>";
		};
/* End PBXVariantGroup section */

/* Begin XCBuildConfiguration section */
		71BFFA701F2F92FA00A7E31D /* Debug */ = {
			isa = XCBuildConfiguration;
			buildSettings = {
				ALWAYS_SEARCH_USER_PATHS = NO;
				CLANG_ANALYZER_NONNULL = YES;
				CLANG_ANALYZER_NUMBER_OBJECT_CONVERSION = YES_AGGRESSIVE;
				CLANG_CXX_LANGUAGE_STANDARD = "gnu++0x";
				CLANG_CXX_LIBRARY = "libc++";
				CLANG_ENABLE_MODULES = YES;
				CLANG_ENABLE_OBJC_ARC = YES;
				CLANG_WARN_BOOL_CONVERSION = YES;
				CLANG_WARN_CONSTANT_CONVERSION = YES;
				CLANG_WARN_DIRECT_OBJC_ISA_USAGE = YES_ERROR;
				CLANG_WARN_DOCUMENTATION_COMMENTS = YES;
				CLANG_WARN_EMPTY_BODY = YES;
				CLANG_WARN_ENUM_CONVERSION = YES;
				CLANG_WARN_INFINITE_RECURSION = YES;
				CLANG_WARN_INT_CONVERSION = YES;
				CLANG_WARN_OBJC_ROOT_CLASS = YES_ERROR;
				CLANG_WARN_SUSPICIOUS_MOVE = YES;
				CLANG_WARN_UNREACHABLE_CODE = YES;
				CLANG_WARN__DUPLICATE_METHOD_MATCH = YES;
				"CODE_SIGN_IDENTITY[sdk=iphoneos*]" = "iPhone Developer";
				COPY_PHASE_STRIP = NO;
				DEBUG_INFORMATION_FORMAT = dwarf;
				ENABLE_STRICT_OBJC_MSGSEND = YES;
				ENABLE_TESTABILITY = YES;
				GCC_C_LANGUAGE_STANDARD = gnu99;
				GCC_DYNAMIC_NO_PIC = NO;
				GCC_NO_COMMON_BLOCKS = YES;
				GCC_OPTIMIZATION_LEVEL = 0;
				GCC_PREPROCESSOR_DEFINITIONS = (
					"DEBUG=1",
					"$(inherited)",
				);
				GCC_WARN_64_TO_32_BIT_CONVERSION = YES;
				GCC_WARN_ABOUT_RETURN_TYPE = YES_ERROR;
				GCC_WARN_UNDECLARED_SELECTOR = YES;
				GCC_WARN_UNINITIALIZED_AUTOS = YES_AGGRESSIVE;
				GCC_WARN_UNUSED_FUNCTION = YES;
				GCC_WARN_UNUSED_VARIABLE = YES;
				IPHONEOS_DEPLOYMENT_TARGET = 10.3;
				MTL_ENABLE_DEBUG_INFO = YES;
				ONLY_ACTIVE_ARCH = YES;
				SDKROOT = iphoneos;
				SWIFT_ACTIVE_COMPILATION_CONDITIONS = DEBUG;
				SWIFT_OPTIMIZATION_LEVEL = "-Onone";
			};
			name = Debug;
		};
		71BFFA711F2F92FA00A7E31D /* Release */ = {
			isa = XCBuildConfiguration;
			buildSettings = {
				ALWAYS_SEARCH_USER_PATHS = NO;
				CLANG_ANALYZER_NONNULL = YES;
				CLANG_ANALYZER_NUMBER_OBJECT_CONVERSION = YES_AGGRESSIVE;
				CLANG_CXX_LANGUAGE_STANDARD = "gnu++0x";
				CLANG_CXX_LIBRARY = "libc++";
				CLANG_ENABLE_MODULES = YES;
				CLANG_ENABLE_OBJC_ARC = YES;
				CLANG_WARN_BOOL_CONVERSION = YES;
				CLANG_WARN_CONSTANT_CONVERSION = YES;
				CLANG_WARN_DIRECT_OBJC_ISA_USAGE = YES_ERROR;
				CLANG_WARN_DOCUMENTATION_COMMENTS = YES;
				CLANG_WARN_EMPTY_BODY = YES;
				CLANG_WARN_ENUM_CONVERSION = YES;
				CLANG_WARN_INFINITE_RECURSION = YES;
				CLANG_WARN_INT_CONVERSION = YES;
				CLANG_WARN_OBJC_ROOT_CLASS = YES_ERROR;
				CLANG_WARN_SUSPICIOUS_MOVE = YES;
				CLANG_WARN_UNREACHABLE_CODE = YES;
				CLANG_WARN__DUPLICATE_METHOD_MATCH = YES;
				"CODE_SIGN_IDENTITY[sdk=iphoneos*]" = "iPhone Developer";
				COPY_PHASE_STRIP = NO;
				DEBUG_INFORMATION_FORMAT = "dwarf-with-dsym";
				ENABLE_NS_ASSERTIONS = NO;
				ENABLE_STRICT_OBJC_MSGSEND = YES;
				GCC_C_LANGUAGE_STANDARD = gnu99;
				GCC_NO_COMMON_BLOCKS = YES;
				GCC_WARN_64_TO_32_BIT_CONVERSION = YES;
				GCC_WARN_ABOUT_RETURN_TYPE = YES_ERROR;
				GCC_WARN_UNDECLARED_SELECTOR = YES;
				GCC_WARN_UNINITIALIZED_AUTOS = YES_AGGRESSIVE;
				GCC_WARN_UNUSED_FUNCTION = YES;
				GCC_WARN_UNUSED_VARIABLE = YES;
				IPHONEOS_DEPLOYMENT_TARGET = 10.3;
				MTL_ENABLE_DEBUG_INFO = NO;
				SDKROOT = iphoneos;
				SWIFT_OPTIMIZATION_LEVEL = "-Owholemodule";
				VALIDATE_PRODUCT = YES;
			};
			name = Release;
		};
		71BFFA731F2F92FA00A7E31D /* Debug */ = {
			isa = XCBuildConfiguration;
			buildSettings = {
				ASSETCATALOG_COMPILER_APPICON_NAME = AppIcon;
				DEVELOPMENT_TEAM = S85M726D6S;
				INFOPLIST_FILE = "Table View/Info.plist";
				LD_RUNPATH_SEARCH_PATHS = "$(inherited) @executable_path/Frameworks";
				PRODUCT_BUNDLE_IDENTIFIER = "hpbl.Table-View";
				PRODUCT_NAME = "$(TARGET_NAME)";
				SWIFT_VERSION = 3.0;
			};
			name = Debug;
		};
		71BFFA741F2F92FA00A7E31D /* Release */ = {
			isa = XCBuildConfiguration;
			buildSettings = {
				ASSETCATALOG_COMPILER_APPICON_NAME = AppIcon;
				DEVELOPMENT_TEAM = S85M726D6S;
				INFOPLIST_FILE = "Table View/Info.plist";
				LD_RUNPATH_SEARCH_PATHS = "$(inherited) @executable_path/Frameworks";
				PRODUCT_BUNDLE_IDENTIFIER = "hpbl.Table-View";
				PRODUCT_NAME = "$(TARGET_NAME)";
				SWIFT_VERSION = 3.0;
			};
			name = Release;
		};
/* End XCBuildConfiguration section */

/* Begin XCConfigurationList section */
		71BFFA5B1F2F92FA00A7E31D /* Build configuration list for PBXProject "Table View" */ = {
			isa = XCConfigurationList;
			buildConfigurations = (
				71BFFA701F2F92FA00A7E31D /* Debug */,
				71BFFA711F2F92FA00A7E31D /* Release */,
			);
			defaultConfigurationIsVisible = 0;
			defaultConfigurationName = Release;
		};
		71BFFA721F2F92FA00A7E31D /* Build configuration list for PBXNativeTarget "Table View" */ = {
			isa = XCConfigurationList;
			buildConfigurations = (
				71BFFA731F2F92FA00A7E31D /* Debug */,
				71BFFA741F2F92FA00A7E31D /* Release */,
			);
			defaultConfigurationIsVisible = 0;
			defaultConfigurationName = Release;
		};
/* End XCConfigurationList section */
	};
	rootObject = 71BFFA581F2F92FA00A7E31D /* Project object */;
}
